
Microsoft Visual Studio Solution File, Format Version 12.00
Project("{FAE04EC0-301F-11D3-BF4B-00C04F79EFBC}") = "crud-net", "crud-net\crud-net.csproj", "{3F0F187E-1024-4155-8A10-BF9C91C4E53B}"
EndProject
Global
	GlobalSection(SolutionConfigurationPlatforms) = preSolution
		Debug|Any CPU = Debug|Any CPU
		Release|Any CPU = Release|Any CPU
	EndGlobalSection
	GlobalSection(ProjectConfigurationPlatforms) = postSolution
		{3F0F187E-1024-4155-8A10-BF9C91C4E53B}.Debug|Any CPU.ActiveCfg = Debug|Any CPU
		{3F0F187E-1024-4155-8A10-BF9C91C4E53B}.Debug|Any CPU.Build.0 = Debug|Any CPU
		{3F0F187E-1024-4155-8A10-BF9C91C4E53B}.Release|Any CPU.ActiveCfg = Release|Any CPU
		{3F0F187E-1024-4155-8A10-BF9C91C4E53B}.Release|Any CPU.Build.0 = Release|Any CPU
	EndGlobalSection
EndGlobal
